
Microsoft Visual Studio Solution File, Format Version 12.00
# Visual Studio Version 16
VisualStudioVersion = 16.0.29728.190
MinimumVisualStudioVersion = 10.0.40219.1
Project("{9A19103F-16F7-4668-BE54-9A1E7A4F7556}") = "munkalap.data", "munkalap.data\munkalap.data.csproj", "{243FD6AF-8BC5-4317-B26A-33438B236612}"
EndProject
Project("{9A19103F-16F7-4668-BE54-9A1E7A4F7556}") = "munkalap", "munkalap\munkalap.csproj", "{0CD21A4E-16D6-48C7-A508-94E8F2295362}"
EndProject
Project("{FAE04EC0-301F-11D3-BF4B-00C04F79EFBC}") = "munkalap.service", "munkalap.service\munkalap.service.csproj", "{AC54B858-B7EA-42F7-AC53-A77BFFE8B346}"
EndProject
Global
	GlobalSection(SolutionConfigurationPlatforms) = preSolution
		Debug|Any CPU = Debug|Any CPU
		Release|Any CPU = Release|Any CPU
	EndGlobalSection
	GlobalSection(ProjectConfigurationPlatforms) = postSolution
		{243FD6AF-8BC5-4317-B26A-33438B236612}.Debug|Any CPU.ActiveCfg = Debug|Any CPU
		{243FD6AF-8BC5-4317-B26A-33438B236612}.Debug|Any CPU.Build.0 = Debug|Any CPU
		{243FD6AF-8BC5-4317-B26A-33438B236612}.Release|Any CPU.ActiveCfg = Release|Any CPU
		{243FD6AF-8BC5-4317-B26A-33438B236612}.Release|Any CPU.Build.0 = Release|Any CPU
		{0CD21A4E-16D6-48C7-A508-94E8F2295362}.Debug|Any CPU.ActiveCfg = Debug|Any CPU
		{0CD21A4E-16D6-48C7-A508-94E8F2295362}.Debug|Any CPU.Build.0 = Debug|Any CPU
		{0CD21A4E-16D6-48C7-A508-94E8F2295362}.Release|Any CPU.ActiveCfg = Release|Any CPU
		{0CD21A4E-16D6-48C7-A508-94E8F2295362}.Release|Any CPU.Build.0 = Release|Any CPU
		{AC54B858-B7EA-42F7-AC53-A77BFFE8B346}.Debug|Any CPU.ActiveCfg = Debug|Any CPU
		{AC54B858-B7EA-42F7-AC53-A77BFFE8B346}.Debug|Any CPU.Build.0 = Debug|Any CPU
		{AC54B858-B7EA-42F7-AC53-A77BFFE8B346}.Release|Any CPU.ActiveCfg = Release|Any CPU
		{AC54B858-B7EA-42F7-AC53-A77BFFE8B346}.Release|Any CPU.Build.0 = Release|Any CPU
	EndGlobalSection
	GlobalSection(SolutionProperties) = preSolution
		HideSolutionNode = FALSE
	EndGlobalSection
	GlobalSection(ExtensibilityGlobals) = postSolution
		SolutionGuid = {8A16190D-867B-44DF-9523-0F26F8F1B18E}
	EndGlobalSection
EndGlobal
