
Microsoft Visual Studio Solution File, Format Version 12.00
# Visual Studio Version 16
VisualStudioVersion = 16.0.29728.190
MinimumVisualStudioVersion = 10.0.40219.1
Project("{9A19103F-16F7-4668-BE54-9A1E7A4F7556}") = "munkalap.data", "munkalap.data\munkalap.data.csproj", "{243FD6AF-8BC5-4317-B26A-33438B236612}"
EndProject
Project("{9A19103F-16F7-4668-BE54-9A1E7A4F7556}") = "munkalap", "munkalap\munkalap.csproj", "{0CD21A4E-16D6-48C7-A508-94E8F2295362}"
EndProject
Project("{9A19103F-16F7-4668-BE54-9A1E7A4F7556}") = "munkalap.service", "munkalap.service\munkalap.service.csproj", "{5B8D4400-A905-4F2C-94A6-53215EEB8B4D}"
EndProject
Project("{9A19103F-16F7-4668-BE54-9A1E7A4F7556}") = "munkalap.service.tests", "munkalap.service.tests\munkalap.service.tests.csproj", "{ECED8011-0452-4A87-9C3C-2D57B68B8791}"
EndProject
Project("{FAE04EC0-301F-11D3-BF4B-00C04F79EFBC}") = "munkalap.WebAPI", "munkalap.WebAPI\munkalap.WebAPI.csproj", "{70531C73-21E2-4C58-9021-C482DBD61581}"
EndProject
Global
	GlobalSection(SolutionConfigurationPlatforms) = preSolution
		Debug|Any CPU = Debug|Any CPU
		Release|Any CPU = Release|Any CPU
	EndGlobalSection
	GlobalSection(ProjectConfigurationPlatforms) = postSolution
		{243FD6AF-8BC5-4317-B26A-33438B236612}.Debug|Any CPU.ActiveCfg = Debug|Any CPU
		{243FD6AF-8BC5-4317-B26A-33438B236612}.Debug|Any CPU.Build.0 = Debug|Any CPU
		{243FD6AF-8BC5-4317-B26A-33438B236612}.Release|Any CPU.ActiveCfg = Release|Any CPU
		{243FD6AF-8BC5-4317-B26A-33438B236612}.Release|Any CPU.Build.0 = Release|Any CPU
		{0CD21A4E-16D6-48C7-A508-94E8F2295362}.Debug|Any CPU.ActiveCfg = Debug|Any CPU
		{0CD21A4E-16D6-48C7-A508-94E8F2295362}.Debug|Any CPU.Build.0 = Debug|Any CPU
		{0CD21A4E-16D6-48C7-A508-94E8F2295362}.Release|Any CPU.ActiveCfg = Release|Any CPU
		{0CD21A4E-16D6-48C7-A508-94E8F2295362}.Release|Any CPU.Build.0 = Release|Any CPU
		{5B8D4400-A905-4F2C-94A6-53215EEB8B4D}.Debug|Any CPU.ActiveCfg = Debug|Any CPU
		{5B8D4400-A905-4F2C-94A6-53215EEB8B4D}.Debug|Any CPU.Build.0 = Debug|Any CPU
		{5B8D4400-A905-4F2C-94A6-53215EEB8B4D}.Release|Any CPU.ActiveCfg = Release|Any CPU
		{5B8D4400-A905-4F2C-94A6-53215EEB8B4D}.Release|Any CPU.Build.0 = Release|Any CPU
		{ECED8011-0452-4A87-9C3C-2D57B68B8791}.Debug|Any CPU.ActiveCfg = Debug|Any CPU
		{ECED8011-0452-4A87-9C3C-2D57B68B8791}.Debug|Any CPU.Build.0 = Debug|Any CPU
		{ECED8011-0452-4A87-9C3C-2D57B68B8791}.Release|Any CPU.ActiveCfg = Release|Any CPU
		{ECED8011-0452-4A87-9C3C-2D57B68B8791}.Release|Any CPU.Build.0 = Release|Any CPU
		{70531C73-21E2-4C58-9021-C482DBD61581}.Debug|Any CPU.ActiveCfg = Debug|Any CPU
		{70531C73-21E2-4C58-9021-C482DBD61581}.Debug|Any CPU.Build.0 = Debug|Any CPU
		{70531C73-21E2-4C58-9021-C482DBD61581}.Release|Any CPU.ActiveCfg = Release|Any CPU
		{70531C73-21E2-4C58-9021-C482DBD61581}.Release|Any CPU.Build.0 = Release|Any CPU
	EndGlobalSection
	GlobalSection(SolutionProperties) = preSolution
		HideSolutionNode = FALSE
	EndGlobalSection
	GlobalSection(ExtensibilityGlobals) = postSolution
		SolutionGuid = {8A16190D-867B-44DF-9523-0F26F8F1B18E}
	EndGlobalSection
EndGlobal
